<?xml version="1.0" encoding="utf-8"?>
<Project ToolsVersion="4.0" xmlns="http://schemas.microsoft.com/developer/msbuild/2003">
  <ItemGroup>
    <Filter Include="SDK">
      <UniqueIdentifier>{5866aa3d-61bf-406c-9887-2d8e228d338f}</UniqueIdentifier>
    </Filter>
    <Filter Include="SDK\amx">
      <UniqueIdentifier>{f3f868d1-d622-45aa-a1d9-d9196835d178}</UniqueIdentifier>
    </Filter>
  </ItemGroup>
  <ItemGroup>
    <ClCompile Include="..\SDK\amxplugin.cpp">
      <Filter>SDK</Filter>
    </ClCompile>
    <ClCompile Include="..\SDK\amx\getch.c">
      <Filter>SDK\amx</Filter>
    </ClCompile>
    <ClCompile Include="..\fileExt.cpp" />
  </ItemGroup>
  <ItemGroup>
    <ClInclude Include="..\SDK\plugin.h">
      <Filter>SDK</Filter>
    </ClInclude>
    <ClInclude Include="..\SDK\plugincommon.h">
      <Filter>SDK</Filter>
    </ClInclude>
    <ClInclude Include="..\SDK\amx\amx.h">
      <Filter>SDK\amx</Filter>
    </ClInclude>
    <ClInclude Include="..\SDK\amx\getch.h">
      <Filter>SDK\amx</Filter>
    </ClInclude>
    <ClInclude Include="..\SDK\amx\sclinux.h">
      <Filter>SDK\amx</Filter>
    </ClInclude>
  </ItemGroup>
  <ItemGroup>
    <None Include="..\fileExt.def" />
  </ItemGroup>
</Project>